
Microsoft Visual Studio Solution File, Format Version 12.00
# Visual Studio Version 17
VisualStudioVersion = 17.4.33213.308
MinimumVisualStudioVersion = 10.0.40219.1
Project("{FAE04EC0-301F-11D3-BF4B-00C04F79EFBC}") = "TaskModified", "TaskModified\TaskModified.csproj", "{ED4879D6-453F-4AD1-979E-9E68E80635D5}"
EndProject
Global
	GlobalSection(SolutionConfigurationPlatforms) = preSolution
		Debug|Any CPU = Debug|Any CPU
		Release|Any CPU = Release|Any CPU
	EndGlobalSection
	GlobalSection(ProjectConfigurationPlatforms) = postSolution
		{ED4879D6-453F-4AD1-979E-9E68E80635D5}.Debug|Any CPU.ActiveCfg = Debug|Any CPU
		{ED4879D6-453F-4AD1-979E-9E68E80635D5}.Debug|Any CPU.Build.0 = Debug|Any CPU
		{ED4879D6-453F-4AD1-979E-9E68E80635D5}.Release|Any CPU.ActiveCfg = Release|Any CPU
		{ED4879D6-453F-4AD1-979E-9E68E80635D5}.Release|Any CPU.Build.0 = Release|Any CPU
	EndGlobalSection
	GlobalSection(SolutionProperties) = preSolution
		HideSolutionNode = FALSE
	EndGlobalSection
	GlobalSection(ExtensibilityGlobals) = postSolution
		SolutionGuid = {868AD3C5-6377-4A30-BBBC-10A40EBDB6FF}
	EndGlobalSection
EndGlobal
